PODS:
  - Action (4.0.0):
    - RxCocoa (~> 5.0)
    - RxSwift (~> 5.0)
  - CTMediator (25)
  - RxCocoa (5.0.1):
    - RxRelay (~> 5)
    - RxSwift (~> 5)
  - RxRelay (5.0.1):
    - RxSwift (~> 5)
  - RxSwift (5.0.1)
  - SFCloudMusicLoginKit (0.5.2):
    - Action
    - RxCocoa (~> 5)
    - RxSwift (~> 5)

DEPENDENCIES:
  - CTMediator
  - SFCloudMusicLoginKit (from `../`)

SPEC REPOS:
  https://github.com/CocoaPods/Specs.git:
    - Action
    - CTMediator
    - RxCocoa
    - RxRelay
    - RxSwift

EXTERNAL SOURCES:
  SFCloudMusicLoginKit:
    :path: "../"

SPEC CHECKSUMS:
  Action: 0d14986aad0f1330aa27ce65d0cdeaacbb63d91c
  CTMediator: 830c1fc204b3a6abf2a059510c7380f56343da0f
  RxCocoa: e741b9749968e8a143e2b787f1dfbff2b63d0a5c
  RxRelay: 89d54507f4fd4d969e6ec1d4bd7f3673640b4640
  RxSwift: e2dc62b366a3adf6a0be44ba9f405efd4c94e0c4
  SFCloudMusicLoginKit: 72c285621921264a3367effeaba0b61c5d1bc6e5

PODFILE CHECKSUM: e32cf0e39f7bb01b0373e84d96f0392b196f413e

COCOAPODS: 1.8.3
